
Microsoft Visual Studio Solution File, Format Version 12.00
# Visual Studio Version 16
VisualStudioVersion = 16.0.30204.135
MinimumVisualStudioVersion = 10.0.40219.1
Project("{FAE04EC0-301F-11D3-BF4B-00C04F79EFBC}") = "ReleaseManagerTestWebApplication", "ReleaseManagerTestWebApplication\ReleaseManagerTestWebApplication.csproj", "{D16CF5A6-B736-446F-BBC5-D4D10D2C920A}"
EndProject
Global
	GlobalSection(SolutionConfigurationPlatforms) = preSolution
		Debug|Any CPU = Debug|Any CPU
		Release|Any CPU = Release|Any CPU
	EndGlobalSection
	GlobalSection(ProjectConfigurationPlatforms) = postSolution
		{D16CF5A6-B736-446F-BBC5-D4D10D2C920A}.Debug|Any CPU.ActiveCfg = Debug|Any CPU
		{D16CF5A6-B736-446F-BBC5-D4D10D2C920A}.Debug|Any CPU.Build.0 = Debug|Any CPU
		{D16CF5A6-B736-446F-BBC5-D4D10D2C920A}.Release|Any CPU.ActiveCfg = Release|Any CPU
		{D16CF5A6-B736-446F-BBC5-D4D10D2C920A}.Release|Any CPU.Build.0 = Release|Any CPU
	EndGlobalSection
	GlobalSection(SolutionProperties) = preSolution
		HideSolutionNode = FALSE
	EndGlobalSection
	GlobalSection(ExtensibilityGlobals) = postSolution
		SolutionGuid = {66A8E69A-133A-4B37-8A75-A0C3BC659794}
	EndGlobalSection
EndGlobal
